Microsoft Visual Studio Solution File, Format Version 12.00
# Visual Studio 2012
Project("{FAE04EC0-301F-11D3-BF4B-00C04F79EFBC}") = "jacdac_test", "jacdac_test.csproj", "{041E47EE-E20C-4B72-A90C-5409EB9A5F6D}"
EndProject
Global
	GlobalSection(SolutionConfigurationPlatforms) = preSolution
	Debug|Any CPU = Debug|Any CPU
	ExportDebug|Any CPU = ExportDebug|Any CPU
	ExportRelease|Any CPU = ExportRelease|Any CPU
	EndGlobalSection
	GlobalSection(ProjectConfigurationPlatforms) = postSolution
		{041E47EE-E20C-4B72-A90C-5409EB9A5F6D}.Debug|Any CPU.ActiveCfg = Debug|Any CPU
		{041E47EE-E20C-4B72-A90C-5409EB9A5F6D}.Debug|Any CPU.Build.0 = Debug|Any CPU
		{041E47EE-E20C-4B72-A90C-5409EB9A5F6D}.ExportDebug|Any CPU.ActiveCfg = ExportDebug|Any CPU
		{041E47EE-E20C-4B72-A90C-5409EB9A5F6D}.ExportDebug|Any CPU.Build.0 = ExportDebug|Any CPU
		{041E47EE-E20C-4B72-A90C-5409EB9A5F6D}.ExportRelease|Any CPU.ActiveCfg = ExportRelease|Any CPU
		{041E47EE-E20C-4B72-A90C-5409EB9A5F6D}.ExportRelease|Any CPU.Build.0 = ExportRelease|Any CPU
	EndGlobalSection
EndGlobal
